// !$*UTF8*$!
{
	archiveVersion = 1;
	classes = {
	};
	objectVersion = 50;
	objects = {

/* Begin PBXBuildFile section */
		592EA84A26652F32004CD564 /* AppDelegate.swift in Sources */ = {isa = PBXBuildFile; fileRef = 592EA84926652F32004CD564 /* AppDelegate.swift */; };
		592EA84C26652F32004CD564 /* SceneDelegate.swift in Sources */ = {isa = PBXBuildFile; fileRef = 592EA84B26652F32004CD564 /* SceneDelegate.swift */; };
		592EA84E26652F32004CD564 /* ViewController.swift in Sources */ = {isa = PBXBuildFile; fileRef = 592EA84D26652F32004CD564 /* ViewController.swift */; };
		592EA85126652F32004CD564 /* Main.storyboard in Resources */ = {isa = PBXBuildFile; fileRef = 592EA84F26652F32004CD564 /* Main.storyboard */; };
		592EA85326652F33004CD564 /* Assets.xcassets in Resources */ = {isa = PBXBuildFile; fileRef = 592EA85226652F33004CD564 /* Assets.xcassets */; };
		592EA85626652F33004CD564 /* LaunchScreen.storyboard in Resources */ = {isa = PBXBuildFile; fileRef = 592EA85426652F33004CD564 /* LaunchScreen.storyboard */; };
		592EA863266548F5004CD564 /* Extension_UIView.swift in Sources */ = {isa = PBXBuildFile; fileRef = 592EA862266548F5004CD564 /* Extension_UIView.swift */; };
/* End PBXBuildFile section */

/* Begin PBXFileReference section */
		592EA84626652F32004CD564 /* Aplus.app */ = {isa = PBXFileReference; explicitFileType = wrapper.application; includeInIndex = 0; path = Aplus.app; sourceTree = BUILT_PRODUCTS_DIR; };
		592EA84926652F32004CD564 /* AppDelegate.swift */ = {isa = PBXFileReference; lastKnownFileType = sourcecode.swift; path = AppDelegate.swift; sourceTree = "<group>"; };
		592EA84B26652F32004CD564 /* SceneDelegate.swift */ = {isa = PBXFileReference; lastKnownFileType = sourcecode.swift; path = SceneDelegate.swift; sourceTree = "<group>"; };
		592EA84D26652F32004CD564 /* ViewController.swift */ = {isa = PBXFileReference; lastKnownFileType = sourcecode.swift; path = ViewController.swift; sourceTree = "<group>"; };
		592EA85026652F32004CD564 /* Base */ = {isa = PBXFileReference; lastKnownFileType = file.storyboard; name = Base; path = Base.lproj/Main.storyboard; sourceTree = "<group>"; };
		592EA85226652F33004CD564 /* Assets.xcassets */ = {isa = PBXFileReference; lastKnownFileType = folder.assetcatalog; path = Assets.xcassets; sourceTree = "<group>"; };
		592EA85526652F33004CD564 /* Base */ = {isa = PBXFileReference; lastKnownFileType = file.storyboard; name = Base; path = Base.lproj/LaunchScreen.storyboard; sourceTree = "<group>"; };
		592EA85726652F33004CD564 /* Info.plist */ = {isa = PBXFileReference; lastKnownFileType = text.plist.xml; path = Info.plist; sourceTree = "<group>"; };
		592EA862266548F5004CD564 /* Extension_UIView.swift */ = {isa = PBXFileReference; lastKnownFileType = sourcecode.swift; path = Extension_UIView.swift; sourceTree = "<group>"; };
/* End PBXFileReference section */

/* Begin PBXFrameworksBuildPhase section */
		592EA84326652F32004CD564 /* Frameworks */ = {
			isa = PBXFrameworksBuildPhase;
			buildActionMask = 2147483647;
			files = (
			);
			runOnlyForDeploymentPostprocessing = 0;
		};
/* End PBXFrameworksBuildPhase section */

/* Begin PBXGroup section */
		592EA83D26652F32004CD564 = {
			isa = PBXGroup;
			children = (
				592EA84826652F32004CD564 /* Aplus */,
				592EA84726652F32004CD564 /* Products */,
			);
			sourceTree = "<group>";
		};
		592EA84726652F32004CD564 /* Products */ = {
			isa = PBXGroup;
			children = (
				592EA84626652F32004CD564 /* Aplus.app */,
			);
			name = Products;
			sourceTree = "<group>";
		};
		592EA84826652F32004CD564 /* Aplus */ = {
			isa = PBXGroup;
			children = (
				592EA84926652F32004CD564 /* AppDelegate.swift */,
				592EA84B26652F32004CD564 /* SceneDelegate.swift */,
				592EA84D26652F32004CD564 /* ViewController.swift */,
				592EA84F26652F32004CD564 /* Main.storyboard */,
				592EA85226652F33004CD564 /* Assets.xcassets */,
				592EA85426652F33004CD564 /* LaunchScreen.storyboard */,
				592EA85726652F33004CD564 /* Info.plist */,
				592EA862266548F5004CD564 /* Extension_UIView.swift */,
			);
			path = Aplus;
			sourceTree = "<group>";
		};
/* End PBXGroup section */

/* Begin PBXNativeTarget section */
		592EA84526652F32004CD564 /* Aplus */ = {
			isa = PBXNativeTarget;
			buildConfigurationList = 592EA85A26652F33004CD564 /* Build configuration list for PBXNativeTarget "Aplus" */;
			buildPhases = (
				592EA84226652F32004CD564 /* Sources */,
				592EA84326652F32004CD564 /* Frameworks */,
				592EA84426652F32004CD564 /* Resources */,
			);
			buildRules = (
			);
			dependencies = (
			);
			name = Aplus;
			productName = Aplus;
			productReference = 592EA84626652F32004CD564 /* Aplus.app */;
			productType = "com.apple.product-type.application";
		};
/* End PBXNativeTarget section */

/* Begin PBXProject section */
		592EA83E26652F32004CD564 /* Project object */ = {
			isa = PBXProject;
			attributes = {
				LastSwiftUpdateCheck = 1220;
				LastUpgradeCheck = 1220;
				TargetAttributes = {
					592EA84526652F32004CD564 = {
						CreatedOnToolsVersion = 12.2;
					};
				};
			};
			buildConfigurationList = 592EA84126652F32004CD564 /* Build configuration list for PBXProject "Aplus" */;
			compatibilityVersion = "Xcode 9.3";
			developmentRegion = en;
			hasScannedForEncodings = 0;
			knownRegions = (
				en,
				Base,
			);
			mainGroup = 592EA83D26652F32004CD564;
			productRefGroup = 592EA84726652F32004CD564 /* Products */;
			projectDirPath = "";
			projectRoot = "";
			targets = (
				592EA84526652F32004CD564 /* Aplus */,
			);
		};
/* End PBXProject section */

/* Begin PBXResourcesBuildPhase section */
		592EA84426652F32004CD564 /* Resources */ = {
			isa = PBXResourcesBuildPhase;
			buildActionMask = 2147483647;
			files = (
				592EA85626652F33004CD564 /* LaunchScreen.storyboard in Resources */,
				592EA85326652F33004CD564 /* Assets.xcassets in Resources */,
				592EA85126652F32004CD564 /* Main.storyboard in Resources */,
			);
			runOnlyForDeploymentPostprocessing = 0;
		};
/* End PBXResourcesBuildPhase section */

/* Begin PBXSourcesBuildPhase section */
		592EA84226652F32004CD564 /* Sources */ = {
			isa = PBXSourcesBuildPhase;
			buildActionMask = 2147483647;
			files = (
				592EA84E26652F32004CD564 /* ViewController.swift in Sources */,
				592EA84A26652F32004CD564 /* AppDelegate.swift in Sources */,
				592EA863266548F5004CD564 /* Extension_UIView.swift in Sources */,
				592EA84C26652F32004CD564 /* SceneDelegate.swift in Sources */,
			);
			runOnlyForDeploymentPostprocessing = 0;
		};
/* End PBXSourcesBuildPhase section */

/* Begin PBXVariantGroup section */
		592EA84F26652F32004CD564 /* Main.storyboard */ = {
			isa = PBXVariantGroup;
			children = (
				592EA85026652F32004CD564 /* Base */,
			);
			name = Main.storyboard;
			sourceTree = "<group>";
		};
		592EA85426652F33004CD564 /* LaunchScreen.storyboard */ = {
			isa = PBXVariantGroup;
			children = (
				592EA85526652F33004CD564 /* Base */,
			);
			name = LaunchScreen.storyboard;
			sourceTree = "<group>";
		};
/* End PBXVariantGroup section */

/* Begin XCBuildConfiguration section */
		592EA85826652F33004CD564 /* Debug */ = {
			isa = XCBuildConfiguration;
			buildSettings = {
				ALWAYS_SEARCH_USER_PATHS = NO;
				CLANG_ANALYZER_NONNULL = YES;
				CLANG_ANALYZER_NUMBER_OBJECT_CONVERSION = YES_AGGRESSIVE;
				CLANG_CXX_LANGUAGE_STANDARD = "gnu++14";
				CLANG_CXX_LIBRARY = "libc++";
				CLANG_ENABLE_MODULES = YES;
				CLANG_ENABLE_OBJC_ARC = YES;
				CLANG_ENABLE_OBJC_WEAK = YES;
				CLANG_WARN_BLOCK_CAPTURE_AUTORELEASING = YES;
				CLANG_WARN_BOOL_CONVERSION = YES;
				CLANG_WARN_COMMA = YES;
				CLANG_WARN_CONSTANT_CONVERSION = YES;
				CLANG_WARN_DEPRECATED_OBJC_IMPLEMENTATIONS = YES;
				CLANG_WARN_DIRECT_OBJC_ISA_USAGE = YES_ERROR;
				CLANG_WARN_DOCUMENTATION_COMMENTS = YES;
				CLANG_WARN_EMPTY_BODY = YES;
				CLANG_WARN_ENUM_CONVERSION = YES;
				CLANG_WARN_INFINITE_RECURSION = YES;
				CLANG_WARN_INT_CONVERSION = YES;
				CLANG_WARN_NON_LITERAL_NULL_CONVERSION = YES;
				CLANG_WARN_OBJC_IMPLICIT_RETAIN_SELF = YES;
				CLANG_WARN_OBJC_LITERAL_CONVERSION = YES;
				CLANG_WARN_OBJC_ROOT_CLASS = YES_ERROR;
				CLANG_WARN_QUOTED_INCLUDE_IN_FRAMEWORK_HEADER = YES;
				CLANG_WARN_RANGE_LOOP_ANALYSIS = YES;
				CLANG_WARN_STRICT_PROTOTYPES = YES;
				CLANG_WARN_SUSPICIOUS_MOVE = YES;
				CLANG_WARN_UNGUARDED_AVAILABILITY = YES_AGGRESSIVE;
				CLANG_WARN_UNREACHABLE_CODE = YES;
				CLANG_WARN__DUPLICATE_METHOD_MATCH = YES;
				COPY_PHASE_STRIP = NO;
				DEBUG_INFORMATION_FORMAT = dwarf;
				ENABLE_STRICT_OBJC_MSGSEND = YES;
				ENABLE_TESTABILITY = YES;
				GCC_C_LANGUAGE_STANDARD = gnu11;
				GCC_DYNAMIC_NO_PIC = NO;
				GCC_NO_COMMON_BLOCKS = YES;
				GCC_OPTIMIZATION_LEVEL = 0;
				GCC_PREPROCESSOR_DEFINITIONS = (
					"DEBUG=1",
					"$(inherited)",
				);
				GCC_WARN_64_TO_32_BIT_CONVERSION = YES;
				GCC_WARN_ABOUT_RETURN_TYPE = YES_ERROR;
				GCC_WARN_UNDECLARED_SELECTOR = YES;
				GCC_WARN_UNINITIALIZED_AUTOS = YES_AGGRESSIVE;
				GCC_WARN_UNUSED_FUNCTION = YES;
				GCC_WARN_UNUSED_VARIABLE = YES;
				IPHONEOS_DEPLOYMENT_TARGET = 14.2;
				MTL_ENABLE_DEBUG_INFO = INCLUDE_SOURCE;
				MTL_FAST_MATH = YES;
				ONLY_ACTIVE_ARCH = YES;
				SDKROOT = iphoneos;
				SWIFT_ACTIVE_COMPILATION_CONDITIONS = DEBUG;
				SWIFT_OPTIMIZATION_LEVEL = "-Onone";
			};
			name = Debug;
		};
		592EA85926652F33004CD564 /* Release */ = {
			isa = XCBuildConfiguration;
			buildSettings = {
				ALWAYS_SEARCH_USER_PATHS = NO;
				CLANG_ANALYZER_NONNULL = YES;
				CLANG_ANALYZER_NUMBER_OBJECT_CONVERSION = YES_AGGRESSIVE;
				CLANG_CXX_LANGUAGE_STANDARD = "gnu++14";
				CLANG_CXX_LIBRARY = "libc++";
				CLANG_ENABLE_MODULES = YES;
				CLANG_ENABLE_OBJC_ARC = YES;
				CLANG_ENABLE_OBJC_WEAK = YES;
				CLANG_WARN_BLOCK_CAPTURE_AUTORELEASING = YES;
				CLANG_WARN_BOOL_CONVERSION = YES;
				CLANG_WARN_COMMA = YES;
				CLANG_WARN_CONSTANT_CONVERSION = YES;
				CLANG_WARN_DEPRECATED_OBJC_IMPLEMENTATIONS = YES;
				CLANG_WARN_DIRECT_OBJC_ISA_USAGE = YES_ERROR;
				CLANG_WARN_DOCUMENTATION_COMMENTS = YES;
				CLANG_WARN_EMPTY_BODY = YES;
				CLANG_WARN_ENUM_CONVERSION = YES;
				CLANG_WARN_INFINITE_RECURSION = YES;
				CLANG_WARN_INT_CONVERSION = YES;
				CLANG_WARN_NON_LITERAL_NULL_CONVERSION = YES;
				CLANG_WARN_OBJC_IMPLICIT_RETAIN_SELF = YES;
				CLANG_WARN_OBJC_LITERAL_CONVERSION = YES;
				CLANG_WARN_OBJC_ROOT_CLASS = YES_ERROR;
				CLANG_WARN_QUOTED_INCLUDE_IN_FRAMEWORK_HEADER = YES;
				CLANG_WARN_RANGE_LOOP_ANALYSIS = YES;
				CLANG_WARN_STRICT_PROTOTYPES = YES;
				CLANG_WARN_SUSPICIOUS_MOVE = YES;
				CLANG_WARN_UNGUARDED_AVAILABILITY = YES_AGGRESSIVE;
				CLANG_WARN_UNREACHABLE_CODE = YES;
				CLANG_WARN__DUPLICATE_METHOD_MATCH = YES;
				COPY_PHASE_STRIP = NO;
				DEBUG_INFORMATION_FORMAT = "dwarf-with-dsym";
				ENABLE_NS_ASSERTIONS = NO;
				ENABLE_STRICT_OBJC_MSGSEND = YES;
				GCC_C_LANGUAGE_STANDARD = gnu11;
				GCC_NO_COMMON_BLOCKS = YES;
				GCC_WARN_64_TO_32_BIT_CONVERSION = YES;
				GCC_WARN_ABOUT_RETURN_TYPE = YES_ERROR;
				GCC_WARN_UNDECLARED_SELECTOR = YES;
				GCC_WARN_UNINITIALIZED_AUTOS = YES_AGGRESSIVE;
				GCC_WARN_UNUSED_FUNCTION = YES;
				GCC_WARN_UNUSED_VARIABLE = YES;
				IPHONEOS_DEPLOYMENT_TARGET = 14.2;
				MTL_ENABLE_DEBUG_INFO = NO;
				MTL_FAST_MATH = YES;
				SDKROOT = iphoneos;
				SWIFT_COMPILATION_MODE = wholemodule;
				SWIFT_OPTIMIZATION_LEVEL = "-O";
				VALIDATE_PRODUCT = YES;
			};
			name = Release;
		};
		592EA85B26652F33004CD564 /* Debug */ = {
			isa = XCBuildConfiguration;
			buildSettings = {
				ASSETCATALOG_COMPILER_APPICON_NAME = AppIcon;
				ASSETCATALOG_COMPILER_GLOBAL_ACCENT_COLOR_NAME = AccentColor;
				CODE_SIGN_STYLE = Automatic;
				DEVELOPMENT_TEAM = DXJ5R65TD5;
				INFOPLIST_FILE = Aplus/Info.plist;
				LD_RUNPATH_SEARCH_PATHS = (
					"$(inherited)",
					"@executable_path/Frameworks",
				);
				PRODUCT_BUNDLE_IDENTIFIER = sh.Aplus;
				PRODUCT_NAME = "$(TARGET_NAME)";
				SWIFT_VERSION = 5.0;
				TARGETED_DEVICE_FAMILY = "1,2";
			};
			name = Debug;
		};
		592EA85C26652F33004CD564 /* Release */ = {
			isa = XCBuildConfiguration;
			buildSettings = {
				ASSETCATALOG_COMPILER_APPICON_NAME = AppIcon;
				ASSETCATALOG_COMPILER_GLOBAL_ACCENT_COLOR_NAME = AccentColor;
				CODE_SIGN_STYLE = Automatic;
				DEVELOPMENT_TEAM = DXJ5R65TD5;
				INFOPLIST_FILE = Aplus/Info.plist;
				LD_RUNPATH_SEARCH_PATHS = (
					"$(inherited)",
					"@executable_path/Frameworks",
				);
				PRODUCT_BUNDLE_IDENTIFIER = sh.Aplus;
				PRODUCT_NAME = "$(TARGET_NAME)";
				SWIFT_VERSION = 5.0;
				TARGETED_DEVICE_FAMILY = "1,2";
			};
			name = Release;
		};
/* End XCBuildConfiguration section */

/* Begin XCConfigurationList section */
		592EA84126652F32004CD564 /* Build configuration list for PBXProject "Aplus" */ = {
			isa = XCConfigurationList;
			buildConfigurations = (
				592EA85826652F33004CD564 /* Debug */,
				592EA85926652F33004CD564 /* Release */,
			);
			defaultConfigurationIsVisible = 0;
			defaultConfigurationName = Release;
		};
		592EA85A26652F33004CD564 /* Build configuration list for PBXNativeTarget "Aplus" */ = {
			isa = XCConfigurationList;
			buildConfigurations = (
				592EA85B26652F33004CD564 /* Debug */,
				592EA85C26652F33004CD564 /* Release */,
			);
			defaultConfigurationIsVisible = 0;
			defaultConfigurationName = Release;
		};
/* End XCConfigurationList section */
	};
	rootObject = 592EA83E26652F32004CD564 /* Project object */;
}
