// !$*UTF8*$!
{
	archiveVersion = 1;
	classes = {
	};
	objectVersion = 51;
	objects = {

/* Begin PBXBuildFile section */
		5925CCA5266607C8003FA643 /* SelectRoleController.swift in Sources */ = {isa = PBXBuildFile; fileRef = 5925CCA4266607C8003FA643 /* SelectRoleController.swift */; };
		5925CCAA2667E1A1003FA643 /* TermsOfServiceController.swift in Sources */ = {isa = PBXBuildFile; fileRef = 5925CCA92667E1A1003FA643 /* TermsOfServiceController.swift */; };
		5925CCAF26680042003FA643 /* SignUpController.swift in Sources */ = {isa = PBXBuildFile; fileRef = 5925CCAE26680042003FA643 /* SignUpController.swift */; };
		5925CCB4266911C6003FA643 /* AcademyListController.swift in Sources */ = {isa = PBXBuildFile; fileRef = 5925CCB3266911C6003FA643 /* AcademyListController.swift */; };
		5925CCB726695CCF003FA643 /* CustomAcedemyCell.swift in Sources */ = {isa = PBXBuildFile; fileRef = 5925CCB626695CCF003FA643 /* CustomAcedemyCell.swift */; };
		592EA84A26652F32004CD564 /* AppDelegate.swift in Sources */ = {isa = PBXBuildFile; fileRef = 592EA84926652F32004CD564 /* AppDelegate.swift */; };
		592EA84C26652F32004CD564 /* SceneDelegate.swift in Sources */ = {isa = PBXBuildFile; fileRef = 592EA84B26652F32004CD564 /* SceneDelegate.swift */; };
		592EA84E26652F32004CD564 /* LoginController.swift in Sources */ = {isa = PBXBuildFile; fileRef = 592EA84D26652F32004CD564 /* LoginController.swift */; };
		592EA85126652F32004CD564 /* Main.storyboard in Resources */ = {isa = PBXBuildFile; fileRef = 592EA84F26652F32004CD564 /* Main.storyboard */; };
		592EA85326652F33004CD564 /* Assets.xcassets in Resources */ = {isa = PBXBuildFile; fileRef = 592EA85226652F33004CD564 /* Assets.xcassets */; };
		592EA85626652F33004CD564 /* LaunchScreen.storyboard in Resources */ = {isa = PBXBuildFile; fileRef = 592EA85426652F33004CD564 /* LaunchScreen.storyboard */; };
		592EA863266548F5004CD564 /* Extension_UIView.swift in Sources */ = {isa = PBXBuildFile; fileRef = 592EA862266548F5004CD564 /* Extension_UIView.swift */; };
		5968E4FB266E2EEB00C088F4 /* ClassListController.swift in Sources */ = {isa = PBXBuildFile; fileRef = 5968E4FA266E2EEB00C088F4 /* ClassListController.swift */; };
		5968E4FD266E300400C088F4 /* CustomClassCell.swift in Sources */ = {isa = PBXBuildFile; fileRef = 5968E4FC266E300400C088F4 /* CustomClassCell.swift */; };
		5968E4FF266EA8C400C088F4 /* MainTabController.swift in Sources */ = {isa = PBXBuildFile; fileRef = 5968E4FE266EA8C400C088F4 /* MainTabController.swift */; };
		5981709D266F6CD600DA32C2 /* AttendanceTabController.swift in Sources */ = {isa = PBXBuildFile; fileRef = 5981709C266F6CD600DA32C2 /* AttendanceTabController.swift */; };
		5981709F266FF0CA00DA32C2 /* CustomAttendanceCell.swift in Sources */ = {isa = PBXBuildFile; fileRef = 5981709E266FF0CA00DA32C2 /* CustomAttendanceCell.swift */; };
		598170A12671538A00DA32C2 /* Balloon.xib in Resources */ = {isa = PBXBuildFile; fileRef = 598170A02671538A00DA32C2 /* Balloon.xib */; };
		598170A32672831100DA32C2 /* QuizTabController.swift in Sources */ = {isa = PBXBuildFile; fileRef = 598170A22672831100DA32C2 /* QuizTabController.swift */; };
		598170A52672832F00DA32C2 /* CustomQuizListCell.swift in Sources */ = {isa = PBXBuildFile; fileRef = 598170A42672832F00DA32C2 /* CustomQuizListCell.swift */; };
		8B6C2DAA617F13DBD3D50A9B /* Pods_Aplus.framework in Frameworks */ = {isa = PBXBuildFile; fileRef = 75EF994D475CA3D8E09A37D4 /* Pods_Aplus.framework */; };
/* End PBXBuildFile section */

/* Begin PBXFileReference section */
		10D7E1181C681A107B0E7FD8 /* Pods-Aplus.debug.xcconfig */ = {isa = PBXFileReference; includeInIndex = 1; lastKnownFileType = text.xcconfig; name = "Pods-Aplus.debug.xcconfig"; path = "Target Support Files/Pods-Aplus/Pods-Aplus.debug.xcconfig"; sourceTree = "<group>"; };
		5925CCA4266607C8003FA643 /* SelectRoleController.swift */ = {isa = PBXFileReference; lastKnownFileType = sourcecode.swift; path = SelectRoleController.swift; sourceTree = "<group>"; };
		5925CCA92667E1A1003FA643 /* TermsOfServiceController.swift */ = {isa = PBXFileReference; lastKnownFileType = sourcecode.swift; path = TermsOfServiceController.swift; sourceTree = "<group>"; };
		5925CCAE26680042003FA643 /* SignUpController.swift */ = {isa = PBXFileReference; lastKnownFileType = sourcecode.swift; path = SignUpController.swift; sourceTree = "<group>"; };
		5925CCB3266911C6003FA643 /* AcademyListController.swift */ = {isa = PBXFileReference; lastKnownFileType = sourcecode.swift; path = AcademyListController.swift; sourceTree = "<group>"; };
		5925CCB626695CCF003FA643 /* CustomAcedemyCell.swift */ = {isa = PBXFileReference; lastKnownFileType = sourcecode.swift; path = CustomAcedemyCell.swift; sourceTree = "<group>"; };
		592EA84626652F32004CD564 /* Aplus.app */ = {isa = PBXFileReference; explicitFileType = wrapper.application; includeInIndex = 0; path = Aplus.app; sourceTree = BUILT_PRODUCTS_DIR; };
		592EA84926652F32004CD564 /* AppDelegate.swift */ = {isa = PBXFileReference; lastKnownFileType = sourcecode.swift; path = AppDelegate.swift; sourceTree = "<group>"; };
		592EA84B26652F32004CD564 /* SceneDelegate.swift */ = {isa = PBXFileReference; lastKnownFileType = sourcecode.swift; path = SceneDelegate.swift; sourceTree = "<group>"; };
		592EA84D26652F32004CD564 /* LoginController.swift */ = {isa = PBXFileReference; lastKnownFileType = sourcecode.swift; path = LoginController.swift; sourceTree = "<group>"; };
		592EA85026652F32004CD564 /* Base */ = {isa = PBXFileReference; lastKnownFileType = file.storyboard; name = Base; path = Base.lproj/Main.storyboard; sourceTree = "<group>"; };
		592EA85226652F33004CD564 /* Assets.xcassets */ = {isa = PBXFileReference; lastKnownFileType = folder.assetcatalog; path = Assets.xcassets; sourceTree = "<group>"; };
		592EA85526652F33004CD564 /* Base */ = {isa = PBXFileReference; lastKnownFileType = file.storyboard; name = Base; path = Base.lproj/LaunchScreen.storyboard; sourceTree = "<group>"; };
		592EA85726652F33004CD564 /* Info.plist */ = {isa = PBXFileReference; lastKnownFileType = text.plist.xml; path = Info.plist; sourceTree = "<group>"; };
		592EA862266548F5004CD564 /* Extension_UIView.swift */ = {isa = PBXFileReference; lastKnownFileType = sourcecode.swift; path = Extension_UIView.swift; sourceTree = "<group>"; };
		5968E4FA266E2EEB00C088F4 /* ClassListController.swift */ = {isa = PBXFileReference; lastKnownFileType = sourcecode.swift; path = ClassListController.swift; sourceTree = "<group>"; };
		5968E4FC266E300400C088F4 /* CustomClassCell.swift */ = {isa = PBXFileReference; lastKnownFileType = sourcecode.swift; path = CustomClassCell.swift; sourceTree = "<group>"; };
		5968E4FE266EA8C400C088F4 /* MainTabController.swift */ = {isa = PBXFileReference; lastKnownFileType = sourcecode.swift; path = MainTabController.swift; sourceTree = "<group>"; };
		5981709C266F6CD600DA32C2 /* AttendanceTabController.swift */ = {isa = PBXFileReference; lastKnownFileType = sourcecode.swift; path = AttendanceTabController.swift; sourceTree = "<group>"; };
		5981709E266FF0CA00DA32C2 /* CustomAttendanceCell.swift */ = {isa = PBXFileReference; lastKnownFileType = sourcecode.swift; path = CustomAttendanceCell.swift; sourceTree = "<group>"; };
		598170A02671538A00DA32C2 /* Balloon.xib */ = {isa = PBXFileReference; lastKnownFileType = file.xib; path = Balloon.xib; sourceTree = "<group>"; };
		598170A22672831100DA32C2 /* QuizTabController.swift */ = {isa = PBXFileReference; lastKnownFileType = sourcecode.swift; path = QuizTabController.swift; sourceTree = "<group>"; };
		598170A42672832F00DA32C2 /* CustomQuizListCell.swift */ = {isa = PBXFileReference; lastKnownFileType = sourcecode.swift; path = CustomQuizListCell.swift; sourceTree = "<group>"; };
		75EF994D475CA3D8E09A37D4 /* Pods_Aplus.framework */ = {isa = PBXFileReference; explicitFileType = wrapper.framework; includeInIndex = 0; path = Pods_Aplus.framework; sourceTree = BUILT_PRODUCTS_DIR; };
		EF122026867E870B4D3C63BA /* Pods-Aplus.release.xcconfig */ = {isa = PBXFileReference; includeInIndex = 1; lastKnownFileType = text.xcconfig; name = "Pods-Aplus.release.xcconfig"; path = "Target Support Files/Pods-Aplus/Pods-Aplus.release.xcconfig"; sourceTree = "<group>"; };
/* End PBXFileReference section */

/* Begin PBXFrameworksBuildPhase section */
		592EA84326652F32004CD564 /* Frameworks */ = {
			isa = PBXFrameworksBuildPhase;
			buildActionMask = 2147483647;
			files = (
				8B6C2DAA617F13DBD3D50A9B /* Pods_Aplus.framework in Frameworks */,
			);
			runOnlyForDeploymentPostprocessing = 0;
		};
/* End PBXFrameworksBuildPhase section */

/* Begin PBXGroup section */
		0B20738E08575EB53A8B679C /* Frameworks */ = {
			isa = PBXGroup;
			children = (
				75EF994D475CA3D8E09A37D4 /* Pods_Aplus.framework */,
			);
			name = Frameworks;
			sourceTree = "<group>";
		};
		5925CCAC2667F879003FA643 /* Controller */ = {
			isa = PBXGroup;
			children = (
				592EA84D26652F32004CD564 /* LoginController.swift */,
				5925CCA4266607C8003FA643 /* SelectRoleController.swift */,
				5925CCA92667E1A1003FA643 /* TermsOfServiceController.swift */,
				5925CCAE26680042003FA643 /* SignUpController.swift */,
				5925CCB3266911C6003FA643 /* AcademyListController.swift */,
				5968E4FA266E2EEB00C088F4 /* ClassListController.swift */,
				5968E4FE266EA8C400C088F4 /* MainTabController.swift */,
				5981709C266F6CD600DA32C2 /* AttendanceTabController.swift */,
				598170A22672831100DA32C2 /* QuizTabController.swift */,
			);
			path = Controller;
			sourceTree = "<group>";
		};
		592EA83D26652F32004CD564 = {
			isa = PBXGroup;
			children = (
				592EA84826652F32004CD564 /* Aplus */,
				592EA84726652F32004CD564 /* Products */,
				BAD66AFBAC1AAE5C7489245B /* Pods */,
				0B20738E08575EB53A8B679C /* Frameworks */,
			);
			sourceTree = "<group>";
		};
		592EA84726652F32004CD564 /* Products */ = {
			isa = PBXGroup;
			children = (
				592EA84626652F32004CD564 /* Aplus.app */,
			);
			name = Products;
			sourceTree = "<group>";
		};
		592EA84826652F32004CD564 /* Aplus */ = {
			isa = PBXGroup;
			children = (
				5925CCAC2667F879003FA643 /* Controller */,
				592EA84926652F32004CD564 /* AppDelegate.swift */,
				592EA84B26652F32004CD564 /* SceneDelegate.swift */,
				592EA84F26652F32004CD564 /* Main.storyboard */,
				592EA85226652F33004CD564 /* Assets.xcassets */,
				592EA85426652F33004CD564 /* LaunchScreen.storyboard */,
				592EA85726652F33004CD564 /* Info.plist */,
				592EA862266548F5004CD564 /* Extension_UIView.swift */,
				5925CCB626695CCF003FA643 /* CustomAcedemyCell.swift */,
				5968E4FC266E300400C088F4 /* CustomClassCell.swift */,
				5981709E266FF0CA00DA32C2 /* CustomAttendanceCell.swift */,
				598170A02671538A00DA32C2 /* Balloon.xib */,
				598170A42672832F00DA32C2 /* CustomQuizListCell.swift */,
			);
			path = Aplus;
			sourceTree = "<group>";
		};
		BAD66AFBAC1AAE5C7489245B /* Pods */ = {
			isa = PBXGroup;
			children = (
				10D7E1181C681A107B0E7FD8 /* Pods-Aplus.debug.xcconfig */,
				EF122026867E870B4D3C63BA /* Pods-Aplus.release.xcconfig */,
			);
			path = Pods;
			sourceTree = "<group>";
		};
/* End PBXGroup section */

/* Begin PBXNativeTarget section */
		592EA84526652F32004CD564 /* Aplus */ = {
			isa = PBXNativeTarget;
			buildConfigurationList = 592EA85A26652F33004CD564 /* Build configuration list for PBXNativeTarget "Aplus" */;
			buildPhases = (
				96EF9E954CC9B24204BC1104 /* [CP] Check Pods Manifest.lock */,
				592EA84226652F32004CD564 /* Sources */,
				592EA84326652F32004CD564 /* Frameworks */,
				592EA84426652F32004CD564 /* Resources */,
				3CD1E63474A50E0A1F97E0BB /* [CP] Embed Pods Frameworks */,
			);
			buildRules = (
			);
			dependencies = (
			);
			name = Aplus;
			productName = Aplus;
			productReference = 592EA84626652F32004CD564 /* Aplus.app */;
			productType = "com.apple.product-type.application";
		};
/* End PBXNativeTarget section */

/* Begin PBXProject section */
		592EA83E26652F32004CD564 /* Project object */ = {
			isa = PBXProject;
			attributes = {
				LastSwiftUpdateCheck = 1220;
				LastUpgradeCheck = 1220;
				TargetAttributes = {
					592EA84526652F32004CD564 = {
						CreatedOnToolsVersion = 12.2;
					};
				};
			};
			buildConfigurationList = 592EA84126652F32004CD564 /* Build configuration list for PBXProject "Aplus" */;
			compatibilityVersion = "Xcode 9.3";
			developmentRegion = en;
			hasScannedForEncodings = 0;
			knownRegions = (
				en,
				Base,
			);
			mainGroup = 592EA83D26652F32004CD564;
			productRefGroup = 592EA84726652F32004CD564 /* Products */;
			projectDirPath = "";
			projectRoot = "";
			targets = (
				592EA84526652F32004CD564 /* Aplus */,
			);
		};
/* End PBXProject section */

/* Begin PBXResourcesBuildPhase section */
		592EA84426652F32004CD564 /* Resources */ = {
			isa = PBXResourcesBuildPhase;
			buildActionMask = 2147483647;
			files = (
				592EA85626652F33004CD564 /* LaunchScreen.storyboard in Resources */,
				592EA85326652F33004CD564 /* Assets.xcassets in Resources */,
				592EA85126652F32004CD564 /* Main.storyboard in Resources */,
				598170A12671538A00DA32C2 /* Balloon.xib in Resources */,
			);
			runOnlyForDeploymentPostprocessing = 0;
		};
/* End PBXResourcesBuildPhase section */

/* Begin PBXShellScriptBuildPhase section */
		3CD1E63474A50E0A1F97E0BB /* [CP] Embed Pods Frameworks */ = {
			isa = PBXShellScriptBuildPhase;
			buildActionMask = 2147483647;
			files = (
			);
			inputFileListPaths = (
				"${PODS_ROOT}/Target Support Files/Pods-Aplus/Pods-Aplus-frameworks-${CONFIGURATION}-input-files.xcfilelist",
			);
			name = "[CP] Embed Pods Frameworks";
			outputFileListPaths = (
				"${PODS_ROOT}/Target Support Files/Pods-Aplus/Pods-Aplus-frameworks-${CONFIGURATION}-output-files.xcfilelist",
			);
			runOnlyForDeploymentPostprocessing = 0;
			shellPath = /bin/sh;
			shellScript = "\"${PODS_ROOT}/Target Support Files/Pods-Aplus/Pods-Aplus-frameworks.sh\"\n";
			showEnvVarsInLog = 0;
		};
		96EF9E954CC9B24204BC1104 /* [CP] Check Pods Manifest.lock */ = {
			isa = PBXShellScriptBuildPhase;
			buildActionMask = 2147483647;
			files = (
			);
			inputFileListPaths = (
			);
			inputPaths = (
				"${PODS_PODFILE_DIR_PATH}/Podfile.lock",
				"${PODS_ROOT}/Manifest.lock",
			);
			name = "[CP] Check Pods Manifest.lock";
			outputFileListPaths = (
			);
			outputPaths = (
				"$(DERIVED_FILE_DIR)/Pods-Aplus-checkManifestLockResult.txt",
			);
			runOnlyForDeploymentPostprocessing = 0;
			shellPath = /bin/sh;
			shellScript = "diff \"${PODS_PODFILE_DIR_PATH}/Podfile.lock\" \"${PODS_ROOT}/Manifest.lock\" > /dev/null\nif [ $? != 0 ] ; then\n    # print error to STDERR\n    echo \"error: The sandbox is not in sync with the Podfile.lock. Run 'pod install' or update your CocoaPods installation.\" >&2\n    exit 1\nfi\n# This output is used by Xcode 'outputs' to avoid re-running this script phase.\necho \"SUCCESS\" > \"${SCRIPT_OUTPUT_FILE_0}\"\n";
			showEnvVarsInLog = 0;
		};
/* End PBXShellScriptBuildPhase section */

/* Begin PBXSourcesBuildPhase section */
		592EA84226652F32004CD564 /* Sources */ = {
			isa = PBXSourcesBuildPhase;
			buildActionMask = 2147483647;
			files = (
				5925CCAA2667E1A1003FA643 /* TermsOfServiceController.swift in Sources */,
				5925CCA5266607C8003FA643 /* SelectRoleController.swift in Sources */,
				5968E4FF266EA8C400C088F4 /* MainTabController.swift in Sources */,
				598170A52672832F00DA32C2 /* CustomQuizListCell.swift in Sources */,
				5981709F266FF0CA00DA32C2 /* CustomAttendanceCell.swift in Sources */,
				5968E4FB266E2EEB00C088F4 /* ClassListController.swift in Sources */,
				5968E4FD266E300400C088F4 /* CustomClassCell.swift in Sources */,
				598170A32672831100DA32C2 /* QuizTabController.swift in Sources */,
				5925CCB726695CCF003FA643 /* CustomAcedemyCell.swift in Sources */,
				5925CCB4266911C6003FA643 /* AcademyListController.swift in Sources */,
				5981709D266F6CD600DA32C2 /* AttendanceTabController.swift in Sources */,
				5925CCAF26680042003FA643 /* SignUpController.swift in Sources */,
				592EA84E26652F32004CD564 /* LoginController.swift in Sources */,
				592EA84A26652F32004CD564 /* AppDelegate.swift in Sources */,
				592EA863266548F5004CD564 /* Extension_UIView.swift in Sources */,
				592EA84C26652F32004CD564 /* SceneDelegate.swift in Sources */,
			);
			runOnlyForDeploymentPostprocessing = 0;
		};
/* End PBXSourcesBuildPhase section */

/* Begin PBXVariantGroup section */
		592EA84F26652F32004CD564 /* Main.storyboard */ = {
			isa = PBXVariantGroup;
			children = (
				592EA85026652F32004CD564 /* Base */,
			);
			name = Main.storyboard;
			sourceTree = "<group>";
		};
		592EA85426652F33004CD564 /* LaunchScreen.storyboard */ = {
			isa = PBXVariantGroup;
			children = (
				592EA85526652F33004CD564 /* Base */,
			);
			name = LaunchScreen.storyboard;
			sourceTree = "<group>";
		};
/* End PBXVariantGroup section */

/* Begin XCBuildConfiguration section */
		592EA85826652F33004CD564 /* Debug */ = {
			isa = XCBuildConfiguration;
			buildSettings = {
				ALWAYS_SEARCH_USER_PATHS = NO;
				CLANG_ANALYZER_NONNULL = YES;
				CLANG_ANALYZER_NUMBER_OBJECT_CONVERSION = YES_AGGRESSIVE;
				CLANG_CXX_LANGUAGE_STANDARD = "gnu++14";
				CLANG_CXX_LIBRARY = "libc++";
				CLANG_ENABLE_MODULES = YES;
				CLANG_ENABLE_OBJC_ARC = YES;
				CLANG_ENABLE_OBJC_WEAK = YES;
				CLANG_WARN_BLOCK_CAPTURE_AUTORELEASING = YES;
				CLANG_WARN_BOOL_CONVERSION = YES;
				CLANG_WARN_COMMA = YES;
				CLANG_WARN_CONSTANT_CONVERSION = YES;
				CLANG_WARN_DEPRECATED_OBJC_IMPLEMENTATIONS = YES;
				CLANG_WARN_DIRECT_OBJC_ISA_USAGE = YES_ERROR;
				CLANG_WARN_DOCUMENTATION_COMMENTS = YES;
				CLANG_WARN_EMPTY_BODY = YES;
				CLANG_WARN_ENUM_CONVERSION = YES;
				CLANG_WARN_INFINITE_RECURSION = YES;
				CLANG_WARN_INT_CONVERSION = YES;
				CLANG_WARN_NON_LITERAL_NULL_CONVERSION = YES;
				CLANG_WARN_OBJC_IMPLICIT_RETAIN_SELF = YES;
				CLANG_WARN_OBJC_LITERAL_CONVERSION = YES;
				CLANG_WARN_OBJC_ROOT_CLASS = YES_ERROR;
				CLANG_WARN_QUOTED_INCLUDE_IN_FRAMEWORK_HEADER = YES;
				CLANG_WARN_RANGE_LOOP_ANALYSIS = YES;
				CLANG_WARN_STRICT_PROTOTYPES = YES;
				CLANG_WARN_SUSPICIOUS_MOVE = YES;
				CLANG_WARN_UNGUARDED_AVAILABILITY = YES_AGGRESSIVE;
				CLANG_WARN_UNREACHABLE_CODE = YES;
				CLANG_WARN__DUPLICATE_METHOD_MATCH = YES;
				COPY_PHASE_STRIP = NO;
				DEBUG_INFORMATION_FORMAT = dwarf;
				ENABLE_STRICT_OBJC_MSGSEND = YES;
				ENABLE_TESTABILITY = YES;
				GCC_C_LANGUAGE_STANDARD = gnu11;
				GCC_DYNAMIC_NO_PIC = NO;
				GCC_NO_COMMON_BLOCKS = YES;
				GCC_OPTIMIZATION_LEVEL = 0;
				GCC_PREPROCESSOR_DEFINITIONS = (
					"DEBUG=1",
					"$(inherited)",
				);
				GCC_WARN_64_TO_32_BIT_CONVERSION = YES;
				GCC_WARN_ABOUT_RETURN_TYPE = YES_ERROR;
				GCC_WARN_UNDECLARED_SELECTOR = YES;
				GCC_WARN_UNINITIALIZED_AUTOS = YES_AGGRESSIVE;
				GCC_WARN_UNUSED_FUNCTION = YES;
				GCC_WARN_UNUSED_VARIABLE = YES;
				IPHONEOS_DEPLOYMENT_TARGET = 14.2;
				MTL_ENABLE_DEBUG_INFO = INCLUDE_SOURCE;
				MTL_FAST_MATH = YES;
				ONLY_ACTIVE_ARCH = YES;
				SDKROOT = iphoneos;
				SWIFT_ACTIVE_COMPILATION_CONDITIONS = DEBUG;
				SWIFT_OPTIMIZATION_LEVEL = "-Onone";
			};
			name = Debug;
		};
		592EA85926652F33004CD564 /* Release */ = {
			isa = XCBuildConfiguration;
			buildSettings = {
				ALWAYS_SEARCH_USER_PATHS = NO;
				CLANG_ANALYZER_NONNULL = YES;
				CLANG_ANALYZER_NUMBER_OBJECT_CONVERSION = YES_AGGRESSIVE;
				CLANG_CXX_LANGUAGE_STANDARD = "gnu++14";
				CLANG_CXX_LIBRARY = "libc++";
				CLANG_ENABLE_MODULES = YES;
				CLANG_ENABLE_OBJC_ARC = YES;
				CLANG_ENABLE_OBJC_WEAK = YES;
				CLANG_WARN_BLOCK_CAPTURE_AUTORELEASING = YES;
				CLANG_WARN_BOOL_CONVERSION = YES;
				CLANG_WARN_COMMA = YES;
				CLANG_WARN_CONSTANT_CONVERSION = YES;
				CLANG_WARN_DEPRECATED_OBJC_IMPLEMENTATIONS = YES;
				CLANG_WARN_DIRECT_OBJC_ISA_USAGE = YES_ERROR;
				CLANG_WARN_DOCUMENTATION_COMMENTS = YES;
				CLANG_WARN_EMPTY_BODY = YES;
				CLANG_WARN_ENUM_CONVERSION = YES;
				CLANG_WARN_INFINITE_RECURSION = YES;
				CLANG_WARN_INT_CONVERSION = YES;
				CLANG_WARN_NON_LITERAL_NULL_CONVERSION = YES;
				CLANG_WARN_OBJC_IMPLICIT_RETAIN_SELF = YES;
				CLANG_WARN_OBJC_LITERAL_CONVERSION = YES;
				CLANG_WARN_OBJC_ROOT_CLASS = YES_ERROR;
				CLANG_WARN_QUOTED_INCLUDE_IN_FRAMEWORK_HEADER = YES;
				CLANG_WARN_RANGE_LOOP_ANALYSIS = YES;
				CLANG_WARN_STRICT_PROTOTYPES = YES;
				CLANG_WARN_SUSPICIOUS_MOVE = YES;
				CLANG_WARN_UNGUARDED_AVAILABILITY = YES_AGGRESSIVE;
				CLANG_WARN_UNREACHABLE_CODE = YES;
				CLANG_WARN__DUPLICATE_METHOD_MATCH = YES;
				COPY_PHASE_STRIP = NO;
				DEBUG_INFORMATION_FORMAT = "dwarf-with-dsym";
				ENABLE_NS_ASSERTIONS = NO;
				ENABLE_STRICT_OBJC_MSGSEND = YES;
				GCC_C_LANGUAGE_STANDARD = gnu11;
				GCC_NO_COMMON_BLOCKS = YES;
				GCC_WARN_64_TO_32_BIT_CONVERSION = YES;
				GCC_WARN_ABOUT_RETURN_TYPE = YES_ERROR;
				GCC_WARN_UNDECLARED_SELECTOR = YES;
				GCC_WARN_UNINITIALIZED_AUTOS = YES_AGGRESSIVE;
				GCC_WARN_UNUSED_FUNCTION = YES;
				GCC_WARN_UNUSED_VARIABLE = YES;
				IPHONEOS_DEPLOYMENT_TARGET = 14.2;
				MTL_ENABLE_DEBUG_INFO = NO;
				MTL_FAST_MATH = YES;
				SDKROOT = iphoneos;
				SWIFT_COMPILATION_MODE = wholemodule;
				SWIFT_OPTIMIZATION_LEVEL = "-O";
				VALIDATE_PRODUCT = YES;
			};
			name = Release;
		};
		592EA85B26652F33004CD564 /* Debug */ = {
			isa = XCBuildConfiguration;
			baseConfigurationReference = 10D7E1181C681A107B0E7FD8 /* Pods-Aplus.debug.xcconfig */;
			buildSettings = {
				ASSETCATALOG_COMPILER_APPICON_NAME = AppIcon;
				ASSETCATALOG_COMPILER_GLOBAL_ACCENT_COLOR_NAME = AccentColor;
				CODE_SIGN_STYLE = Automatic;
				DEVELOPMENT_TEAM = DXJ5R65TD5;
				INFOPLIST_FILE = Aplus/Info.plist;
				IPHONEOS_DEPLOYMENT_TARGET = 13.0;
				LD_RUNPATH_SEARCH_PATHS = (
					"$(inherited)",
					"@executable_path/Frameworks",
				);
				PRODUCT_BUNDLE_IDENTIFIER = sh.Aplus;
				PRODUCT_NAME = "$(TARGET_NAME)";
				SWIFT_VERSION = 5.0;
				TARGETED_DEVICE_FAMILY = "1,2";
			};
			name = Debug;
		};
		592EA85C26652F33004CD564 /* Release */ = {
			isa = XCBuildConfiguration;
			baseConfigurationReference = EF122026867E870B4D3C63BA /* Pods-Aplus.release.xcconfig */;
			buildSettings = {
				ASSETCATALOG_COMPILER_APPICON_NAME = AppIcon;
				ASSETCATALOG_COMPILER_GLOBAL_ACCENT_COLOR_NAME = AccentColor;
				CODE_SIGN_STYLE = Automatic;
				DEVELOPMENT_TEAM = DXJ5R65TD5;
				INFOPLIST_FILE = Aplus/Info.plist;
				IPHONEOS_DEPLOYMENT_TARGET = 13.0;
				LD_RUNPATH_SEARCH_PATHS = (
					"$(inherited)",
					"@executable_path/Frameworks",
				);
				PRODUCT_BUNDLE_IDENTIFIER = sh.Aplus;
				PRODUCT_NAME = "$(TARGET_NAME)";
				SWIFT_VERSION = 5.0;
				TARGETED_DEVICE_FAMILY = "1,2";
			};
			name = Release;
		};
/* End XCBuildConfiguration section */

/* Begin XCConfigurationList section */
		592EA84126652F32004CD564 /* Build configuration list for PBXProject "Aplus" */ = {
			isa = XCConfigurationList;
			buildConfigurations = (
				592EA85826652F33004CD564 /* Debug */,
				592EA85926652F33004CD564 /* Release */,
			);
			defaultConfigurationIsVisible = 0;
			defaultConfigurationName = Release;
		};
		592EA85A26652F33004CD564 /* Build configuration list for PBXNativeTarget "Aplus" */ = {
			isa = XCConfigurationList;
			buildConfigurations = (
				592EA85B26652F33004CD564 /* Debug */,
				592EA85C26652F33004CD564 /* Release */,
			);
			defaultConfigurationIsVisible = 0;
			defaultConfigurationName = Release;
		};
/* End XCConfigurationList section */
	};
	rootObject = 592EA83E26652F32004CD564 /* Project object */;
}
